{
  "requires": true,
  "lockfileVersion": 1,
  "dependencies": {
    "primeicons": {
      "version": "2.0.0",
      "resolved": "https://registry.npmjs.org/primeicons/-/primeicons-2.0.0.tgz",
      "integrity": "sha512-GJTCeMSQU8UU1GqbsaDrg/IH+b/vSinJQl52NVpdJ7sShYLZA8Eq6jLF48Ye3N/dQloGrE07i7XsZvxQ9pNbqg=="
    },
    "primeng": {
      "version": "8.1.1",
      "resolved": "https://registry.npmjs.org/primeng/-/primeng-8.1.1.tgz",
      "integrity": "sha512-8dP8A3qkmOvDTe97kCeFvoCk6oPNDdgMTdT4UBzhC4ua5wM7i7pjYXuKzAXm3oEFf+iSEB6WqzzfSqyZdbEA+w=="
    }
  }
}
